
Microsoft Visual Studio Solution File, Format Version 12.00
# Visual Studio 2013
VisualStudioVersion = 12.0.40629.0
MinimumVisualStudioVersion = 10.0.40219.1
Project("{FAE04EC0-301F-11D3-BF4B-00C04F79EFBC}") = "JBecerraExamenGrupoReforma", "JBecerraExamenGrupoReforma\JBecerraExamenGrupoReforma.csproj", "{513FED13-5935-4555-8B20-35B83C214876}"
EndProject
Project("{FAE04EC0-301F-11D3-BF4B-00C04F79EFBC}") = "Examen", "Examen\Examen.csproj", "{860866F8-F886-486E-8AA0-19D927AC8134}"
EndProject
Global
	GlobalSection(SolutionConfigurationPlatforms) = preSolution
		Debug|Any CPU = Debug|Any CPU
		Release|Any CPU = Release|Any CPU
	EndGlobalSection
	GlobalSection(ProjectConfigurationPlatforms) = postSolution
		{513FED13-5935-4555-8B20-35B83C214876}.Debug|Any CPU.ActiveCfg = Debug|Any CPU
		{513FED13-5935-4555-8B20-35B83C214876}.Debug|Any CPU.Build.0 = Debug|Any CPU
		{513FED13-5935-4555-8B20-35B83C214876}.Release|Any CPU.ActiveCfg = Release|Any CPU
		{513FED13-5935-4555-8B20-35B83C214876}.Release|Any CPU.Build.0 = Release|Any CPU
		{860866F8-F886-486E-8AA0-19D927AC8134}.Debug|Any CPU.ActiveCfg = Debug|Any CPU
		{860866F8-F886-486E-8AA0-19D927AC8134}.Debug|Any CPU.Build.0 = Debug|Any CPU
		{860866F8-F886-486E-8AA0-19D927AC8134}.Release|Any CPU.ActiveCfg = Release|Any CPU
		{860866F8-F886-486E-8AA0-19D927AC8134}.Release|Any CPU.Build.0 = Release|Any CPU
	EndGlobalSection
	GlobalSection(SolutionProperties) = preSolution
		HideSolutionNode = FALSE
	EndGlobalSection
EndGlobal
